
Microsoft Visual Studio Solution File, Format Version 12.00
# Visual Studio Version 17
VisualStudioVersion = 17.2.32516.85
MinimumVisualStudioVersion = 10.0.40219.1
Project("{FAE04EC0-301F-11D3-BF4B-00C04F79EFBC}") = "UpdateAttribute", "UpdateAttribute\UpdateAttribute.csproj", "{AF9D1932-DEF7-41DE-BE9D-C1DCF149C43C}"
EndProject
Global
	GlobalSection(SolutionConfigurationPlatforms) = preSolution
		Debug|Any CPU = Debug|Any CPU
		Release|Any CPU = Release|Any CPU
	EndGlobalSection
	GlobalSection(ProjectConfigurationPlatforms) = postSolution
		{AF9D1932-DEF7-41DE-BE9D-C1DCF149C43C}.Debug|Any CPU.ActiveCfg = Debug|Any CPU
		{AF9D1932-DEF7-41DE-BE9D-C1DCF149C43C}.Debug|Any CPU.Build.0 = Debug|Any CPU
		{AF9D1932-DEF7-41DE-BE9D-C1DCF149C43C}.Release|Any CPU.ActiveCfg = Release|Any CPU
		{AF9D1932-DEF7-41DE-BE9D-C1DCF149C43C}.Release|Any CPU.Build.0 = Release|Any CPU
	EndGlobalSection
	GlobalSection(SolutionProperties) = preSolution
		HideSolutionNode = FALSE
	EndGlobalSection
	GlobalSection(ExtensibilityGlobals) = postSolution
		SolutionGuid = {E5241EFB-F6DB-4741-9D8D-3F43B33B500F}
	EndGlobalSection
EndGlobal
